
Microsoft Visual Studio Solution File, Format Version 12.00
# Visual Studio 15
VisualStudioVersion = 15.0.28307.271
MinimumVisualStudioVersion = 10.0.40219.1
Project("{FAE04EC0-301F-11D3-BF4B-00C04F79EFBC}") = "MTGArenaApp", "MTGArenaApp\MTGArenaApp.csproj", "{AB0CACD8-201B-4306-9A6B-C04648333CDA}"
EndProject
Global
	GlobalSection(SolutionConfigurationPlatforms) = preSolution
		Debug|Any CPU = Debug|Any CPU
		Release|Any CPU = Release|Any CPU
	EndGlobalSection
	GlobalSection(ProjectConfigurationPlatforms) = postSolution
		{AB0CACD8-201B-4306-9A6B-C04648333CDA}.Debug|Any CPU.ActiveCfg = Debug|Any CPU
		{AB0CACD8-201B-4306-9A6B-C04648333CDA}.Debug|Any CPU.Build.0 = Debug|Any CPU
		{AB0CACD8-201B-4306-9A6B-C04648333CDA}.Release|Any CPU.ActiveCfg = Release|Any CPU
		{AB0CACD8-201B-4306-9A6B-C04648333CDA}.Release|Any CPU.Build.0 = Release|Any CPU
	EndGlobalSection
	GlobalSection(SolutionProperties) = preSolution
		HideSolutionNode = FALSE
	EndGlobalSection
	GlobalSection(ExtensibilityGlobals) = postSolution
		SolutionGuid = {C14E6441-CCAD-4995-B838-184538694503}
	EndGlobalSection
EndGlobal
